// !$*UTF8*$!
{
	archiveVersion = 1;
	classes = {
	};
	objectVersion = 56;
	objects = {

/* Begin PBXBuildFile section */
		131DB1A62AEBC0620021FBBF /* GoogleService-Info.plist in Resources */ = {isa = PBXBuildFile; fileRef = 131DB1A52AEBC0620021FBBF /* GoogleService-Info.plist */; };
		131DB1A92AEBC1150021FBBF /* FirebaseAnalytics in Frameworks */ = {isa = PBXBuildFile; productRef = 131DB1A82AEBC1150021FBBF /* FirebaseAnalytics */; };
		131DB1AB2AEBC1150021FBBF /* FirebaseAnalyticsOnDeviceConversion in Frameworks */ = {isa = PBXBuildFile; productRef = 131DB1AA2AEBC1150021FBBF /* FirebaseAnalyticsOnDeviceConversion */; };
		131DB1AD2AEBC1150021FBBF /* FirebaseAnalyticsSwift in Frameworks */ = {isa = PBXBuildFile; productRef = 131DB1AC2AEBC1150021FBBF /* FirebaseAnalyticsSwift */; };
		131DB1AF2AEBC1150021FBBF /* FirebaseAnalyticsWithoutAdIdSupport in Frameworks */ = {isa = PBXBuildFile; productRef = 131DB1AE2AEBC1150021FBBF /* FirebaseAnalyticsWithoutAdIdSupport */; };
		131DB1B12AEBC1150021FBBF /* FirebaseAppCheck in Frameworks */ = {isa = PBXBuildFile; productRef = 131DB1B02AEBC1150021FBBF /* FirebaseAppCheck */; };
		131DB1B32AEBC1150021FBBF /* FirebaseAppDistribution-Beta in Frameworks */ = {isa = PBXBuildFile; productRef = 131DB1B22AEBC1150021FBBF /* FirebaseAppDistribution-Beta */; };
		131DB1B52AEBC1150021FBBF /* FirebaseAuth in Frameworks */ = {isa = PBXBuildFile; productRef = 131DB1B42AEBC1150021FBBF /* FirebaseAuth */; };
		131DB1B72AEBC1150021FBBF /* FirebaseAuthCombine-Community in Frameworks */ = {isa = PBXBuildFile; productRef = 131DB1B62AEBC1150021FBBF /* FirebaseAuthCombine-Community */; };
		131DB1B92AEBC1150021FBBF /* FirebaseCrashlytics in Frameworks */ = {isa = PBXBuildFile; productRef = 131DB1B82AEBC1150021FBBF /* FirebaseCrashlytics */; };
		131DB1BB2AEBC1150021FBBF /* FirebaseDatabase in Frameworks */ = {isa = PBXBuildFile; productRef = 131DB1BA2AEBC1150021FBBF /* FirebaseDatabase */; };
		131DB1BD2AEBC1150021FBBF /* FirebaseDatabaseSwift in Frameworks */ = {isa = PBXBuildFile; productRef = 131DB1BC2AEBC1150021FBBF /* FirebaseDatabaseSwift */; };
		131DB1BF2AEBC1150021FBBF /* FirebaseDynamicLinks in Frameworks */ = {isa = PBXBuildFile; productRef = 131DB1BE2AEBC1150021FBBF /* FirebaseDynamicLinks */; };
		131DB1C12AEBC1150021FBBF /* FirebaseFirestore in Frameworks */ = {isa = PBXBuildFile; productRef = 131DB1C02AEBC1150021FBBF /* FirebaseFirestore */; };
		131DB1C32AEBC1150021FBBF /* FirebaseFirestoreCombine-Community in Frameworks */ = {isa = PBXBuildFile; productRef = 131DB1C22AEBC1150021FBBF /* FirebaseFirestoreCombine-Community */; };
		131DB1C52AEBC1150021FBBF /* FirebaseFirestoreSwift in Frameworks */ = {isa = PBXBuildFile; productRef = 131DB1C42AEBC1150021FBBF /* FirebaseFirestoreSwift */; };
		131DB1C72AEBC1150021FBBF /* FirebaseFunctions in Frameworks */ = {isa = PBXBuildFile; productRef = 131DB1C62AEBC1150021FBBF /* FirebaseFunctions */; };
		131DB1C92AEBC1150021FBBF /* FirebaseFunctionsCombine-Community in Frameworks */ = {isa = PBXBuildFile; productRef = 131DB1C82AEBC1150021FBBF /* FirebaseFunctionsCombine-Community */; };
		131DB1CB2AEBC1150021FBBF /* FirebaseInAppMessaging-Beta in Frameworks */ = {isa = PBXBuildFile; productRef = 131DB1CA2AEBC1150021FBBF /* FirebaseInAppMessaging-Beta */; };
		131DB1CD2AEBC1150021FBBF /* FirebaseInAppMessagingSwift-Beta in Frameworks */ = {isa = PBXBuildFile; productRef = 131DB1CC2AEBC1150021FBBF /* FirebaseInAppMessagingSwift-Beta */; };
		131DB1CF2AEBC1150021FBBF /* FirebaseInstallations in Frameworks */ = {isa = PBXBuildFile; productRef = 131DB1CE2AEBC1150021FBBF /* FirebaseInstallations */; };
		131DB1D12AEBC1150021FBBF /* FirebaseMLModelDownloader in Frameworks */ = {isa = PBXBuildFile; productRef = 131DB1D02AEBC1150021FBBF /* FirebaseMLModelDownloader */; };
		131DB1D32AEBC1150021FBBF /* FirebaseMessaging in Frameworks */ = {isa = PBXBuildFile; productRef = 131DB1D22AEBC1150021FBBF /* FirebaseMessaging */; };
		131DB1D52AEBC1150021FBBF /* FirebasePerformance in Frameworks */ = {isa = PBXBuildFile; productRef = 131DB1D42AEBC1150021FBBF /* FirebasePerformance */; };
		131DB1D72AEBC1150021FBBF /* FirebaseRemoteConfig in Frameworks */ = {isa = PBXBuildFile; productRef = 131DB1D62AEBC1150021FBBF /* FirebaseRemoteConfig */; };
		131DB1D92AEBC1150021FBBF /* FirebaseRemoteConfigSwift in Frameworks */ = {isa = PBXBuildFile; productRef = 131DB1D82AEBC1150021FBBF /* FirebaseRemoteConfigSwift */; };
		131DB1DB2AEBC1150021FBBF /* FirebaseStorage in Frameworks */ = {isa = PBXBuildFile; productRef = 131DB1DA2AEBC1150021FBBF /* FirebaseStorage */; };
		131DB1DD2AEBC1150021FBBF /* FirebaseStorageCombine-Community in Frameworks */ = {isa = PBXBuildFile; productRef = 131DB1DC2AEBC1150021FBBF /* FirebaseStorageCombine-Community */; };
		131DB1E12AEBC4A90021FBBF /* RegistrationViewModel.swift in Sources */ = {isa = PBXBuildFile; fileRef = 131DB1E02AEBC4A90021FBBF /* RegistrationViewModel.swift */; };
		131DB1E32AEBC56A0021FBBF /* AuthService.swift in Sources */ = {isa = PBXBuildFile; fileRef = 131DB1E22AEBC56A0021FBBF /* AuthService.swift */; };
		131DB1E72AEBD30E0021FBBF /* ContentViewModel.swift in Sources */ = {isa = PBXBuildFile; fileRef = 131DB1E62AEBD30E0021FBBF /* ContentViewModel.swift */; };
		131DB1E92AEBDCD80021FBBF /* LoginViewModel.swift in Sources */ = {isa = PBXBuildFile; fileRef = 131DB1E82AEBDCD80021FBBF /* LoginViewModel.swift */; };
		131DB1EB2AEBEEC60021FBBF /* User.swift in Sources */ = {isa = PBXBuildFile; fileRef = 131DB1EA2AEBEEC60021FBBF /* User.swift */; };
		131DB1ED2AEBF3D40021FBBF /* UserService.swift in Sources */ = {isa = PBXBuildFile; fileRef = 131DB1EC2AEBF3D40021FBBF /* UserService.swift */; };
		131DB1F02AEBF49B0021FBBF /* CurrentUserProfileViewModel.swift in Sources */ = {isa = PBXBuildFile; fileRef = 131DB1EF2AEBF49B0021FBBF /* CurrentUserProfileViewModel.swift */; };
		131DB1F52AEE407A0021FBBF /* ExploreViewModel.swift in Sources */ = {isa = PBXBuildFile; fileRef = 131DB1F42AEE407A0021FBBF /* ExploreViewModel.swift */; };
		1330BE592AEA60500063B007 /* RegistrationView.swift in Sources */ = {isa = PBXBuildFile; fileRef = 1330BE582AEA60500063B007 /* RegistrationView.swift */; };
		1330BE5C2AEA6C090063B007 /* ThreadsTextFieldModifier.swift in Sources */ = {isa = PBXBuildFile; fileRef = 1330BE5B2AEA6C090063B007 /* ThreadsTextFieldModifier.swift */; };
		1330BE5F2AEA6E900063B007 /* ThreadsTabView.swift in Sources */ = {isa = PBXBuildFile; fileRef = 1330BE5E2AEA6E900063B007 /* ThreadsTabView.swift */; };
		1330BE632AEA72AB0063B007 /* FeedView.swift in Sources */ = {isa = PBXBuildFile; fileRef = 1330BE622AEA72AB0063B007 /* FeedView.swift */; };
		1330BE672AEA72E70063B007 /* ExploreView.swift in Sources */ = {isa = PBXBuildFile; fileRef = 1330BE662AEA72E70063B007 /* ExploreView.swift */; };
		1330BE6B2AEA737B0063B007 /* ThreadCreationView.swift in Sources */ = {isa = PBXBuildFile; fileRef = 1330BE6A2AEA737B0063B007 /* ThreadCreationView.swift */; };
		1330BE6F2AEA73DF0063B007 /* ActivityView.swift in Sources */ = {isa = PBXBuildFile; fileRef = 1330BE6E2AEA73DF0063B007 /* ActivityView.swift */; };
		1330BE732AEA82460063B007 /* ProfileView.swift in Sources */ = {isa = PBXBuildFile; fileRef = 1330BE722AEA82460063B007 /* ProfileView.swift */; };
		1330BE752AEA84DF0063B007 /* ThreadCell.swift in Sources */ = {isa = PBXBuildFile; fileRef = 1330BE742AEA84DF0063B007 /* ThreadCell.swift */; };
		1330BE782AEAA7230063B007 /* CircularProfileImageView.swift in Sources */ = {isa = PBXBuildFile; fileRef = 1330BE772AEAA7230063B007 /* CircularProfileImageView.swift */; };
		1330BE7A2AEAA8020063B007 /* UserCell.swift in Sources */ = {isa = PBXBuildFile; fileRef = 1330BE792AEAA8020063B007 /* UserCell.swift */; };
		1330BE7D2AEAAE4A0063B007 /* ProfileThreadFilter.swift in Sources */ = {isa = PBXBuildFile; fileRef = 1330BE7C2AEAAE4A0063B007 /* ProfileThreadFilter.swift */; };
		13386D352AEBA8910083E703 /* EditProfileView.swift in Sources */ = {isa = PBXBuildFile; fileRef = 13386D342AEBA8910083E703 /* EditProfileView.swift */; };
		133BD6DB2ACC93A7008569BD /* threads_cloneApp.swift in Sources */ = {isa = PBXBuildFile; fileRef = 133BD6DA2ACC93A7008569BD /* threads_cloneApp.swift */; };
		133BD6DD2ACC93A7008569BD /* ContentView.swift in Sources */ = {isa = PBXBuildFile; fileRef = 133BD6DC2ACC93A7008569BD /* ContentView.swift */; };
		133BD6DF2ACC93A8008569BD /* Assets.xcassets in Resources */ = {isa = PBXBuildFile; fileRef = 133BD6DE2ACC93A8008569BD /* Assets.xcassets */; };
		133BD6E22ACC93A8008569BD /* Preview Assets.xcassets in Resources */ = {isa = PBXBuildFile; fileRef = 133BD6E12ACC93A8008569BD /* Preview Assets.xcassets */; };
		133BD6F22ACC9609008569BD /* LoginView.swift in Sources */ = {isa = PBXBuildFile; fileRef = 133BD6F12ACC9609008569BD /* LoginView.swift */; };
		136FBAD12AEFBC5600373FC4 /* CurrentUserProfileView.swift in Sources */ = {isa = PBXBuildFile; fileRef = 136FBAD02AEFBC5600373FC4 /* CurrentUserProfileView.swift */; };
		136FBAD52AEFC1D800373FC4 /* ProfileHeaderView.swift in Sources */ = {isa = PBXBuildFile; fileRef = 136FBAD42AEFC1D800373FC4 /* ProfileHeaderView.swift */; };
		136FBAD72AEFC3FB00373FC4 /* UserContentListView.swift in Sources */ = {isa = PBXBuildFile; fileRef = 136FBAD62AEFC3FB00373FC4 /* UserContentListView.swift */; };
		136FBADB2AEFEC3A00373FC4 /* EditProfileViewModel.swift in Sources */ = {isa = PBXBuildFile; fileRef = 136FBADA2AEFEC3A00373FC4 /* EditProfileViewModel.swift */; };
		136FBADD2AEFEF6C00373FC4 /* ImageUploader.swift in Sources */ = {isa = PBXBuildFile; fileRef = 136FBADC2AEFEF6C00373FC4 /* ImageUploader.swift */; };
/* End PBXBuildFile section */

/* Begin PBXFileReference section */
		131DB1A52AEBC0620021FBBF /* GoogleService-Info.plist */ = {isa = PBXFileReference; fileEncoding = 4; lastKnownFileType = text.plist.xml; path = "GoogleService-Info.plist"; sourceTree = "<group>"; };
		131DB1E02AEBC4A90021FBBF /* RegistrationViewModel.swift */ = {isa = PBXFileReference; lastKnownFileType = sourcecode.swift; path = RegistrationViewModel.swift; sourceTree = "<group>"; };
		131DB1E22AEBC56A0021FBBF /* AuthService.swift */ = {isa = PBXFileReference; lastKnownFileType = sourcecode.swift; path = AuthService.swift; sourceTree = "<group>"; };
		131DB1E62AEBD30E0021FBBF /* ContentViewModel.swift */ = {isa = PBXFileReference; lastKnownFileType = sourcecode.swift; path = ContentViewModel.swift; sourceTree = "<group>"; };
		131DB1E82AEBDCD80021FBBF /* LoginViewModel.swift */ = {isa = PBXFileReference; lastKnownFileType = sourcecode.swift; path = LoginViewModel.swift; sourceTree = "<group>"; };
		131DB1EA2AEBEEC60021FBBF /* User.swift */ = {isa = PBXFileReference; lastKnownFileType = sourcecode.swift; path = User.swift; sourceTree = "<group>"; };
		131DB1EC2AEBF3D40021FBBF /* UserService.swift */ = {isa = PBXFileReference; lastKnownFileType = sourcecode.swift; path = UserService.swift; sourceTree = "<group>"; };
		131DB1EF2AEBF49B0021FBBF /* CurrentUserProfileViewModel.swift */ = {isa = PBXFileReference; lastKnownFileType = sourcecode.swift; path = CurrentUserProfileViewModel.swift; sourceTree = "<group>"; };
		131DB1F42AEE407A0021FBBF /* ExploreViewModel.swift */ = {isa = PBXFileReference; lastKnownFileType = sourcecode.swift; path = ExploreViewModel.swift; sourceTree = "<group>"; };
		1330BE582AEA60500063B007 /* RegistrationView.swift */ = {isa = PBXFileReference; lastKnownFileType = sourcecode.swift; path = RegistrationView.swift; sourceTree = "<group>"; };
		1330BE5B2AEA6C090063B007 /* ThreadsTextFieldModifier.swift */ = {isa = PBXFileReference; lastKnownFileType = sourcecode.swift; path = ThreadsTextFieldModifier.swift; sourceTree = "<group>"; };
		1330BE5E2AEA6E900063B007 /* ThreadsTabView.swift */ = {isa = PBXFileReference; lastKnownFileType = sourcecode.swift; path = ThreadsTabView.swift; sourceTree = "<group>"; };
		1330BE622AEA72AB0063B007 /* FeedView.swift */ = {isa = PBXFileReference; lastKnownFileType = sourcecode.swift; path = FeedView.swift; sourceTree = "<group>"; };
		1330BE662AEA72E70063B007 /* ExploreView.swift */ = {isa = PBXFileReference; lastKnownFileType = sourcecode.swift; path = ExploreView.swift; sourceTree = "<group>"; };
		1330BE6A2AEA737B0063B007 /* ThreadCreationView.swift */ = {isa = PBXFileReference; lastKnownFileType = sourcecode.swift; path = ThreadCreationView.swift; sourceTree = "<group>"; };
		1330BE6E2AEA73DF0063B007 /* ActivityView.swift */ = {isa = PBXFileReference; lastKnownFileType = sourcecode.swift; path = ActivityView.swift; sourceTree = "<group>"; };
		1330BE722AEA82460063B007 /* ProfileView.swift */ = {isa = PBXFileReference; lastKnownFileType = sourcecode.swift; path = ProfileView.swift; sourceTree = "<group>"; };
		1330BE742AEA84DF0063B007 /* ThreadCell.swift */ = {isa = PBXFileReference; lastKnownFileType = sourcecode.swift; path = ThreadCell.swift; sourceTree = "<group>"; };
		1330BE772AEAA7230063B007 /* CircularProfileImageView.swift */ = {isa = PBXFileReference; lastKnownFileType = sourcecode.swift; path = CircularProfileImageView.swift; sourceTree = "<group>"; };
		1330BE792AEAA8020063B007 /* UserCell.swift */ = {isa = PBXFileReference; lastKnownFileType = sourcecode.swift; path = UserCell.swift; sourceTree = "<group>"; };
		1330BE7C2AEAAE4A0063B007 /* ProfileThreadFilter.swift */ = {isa = PBXFileReference; lastKnownFileType = sourcecode.swift; path = ProfileThreadFilter.swift; sourceTree = "<group>"; };
		13386D342AEBA8910083E703 /* EditProfileView.swift */ = {isa = PBXFileReference; lastKnownFileType = sourcecode.swift; path = EditProfileView.swift; sourceTree = "<group>"; };
		133BD6D72ACC93A7008569BD /* threads-clone.app */ = {isa = PBXFileReference; explicitFileType = wrapper.application; includeInIndex = 0; path = "threads-clone.app"; sourceTree = BUILT_PRODUCTS_DIR; };
		133BD6DA2ACC93A7008569BD /* threads_cloneApp.swift */ = {isa = PBXFileReference; lastKnownFileType = sourcecode.swift; path = threads_cloneApp.swift; sourceTree = "<group>"; };
		133BD6DC2ACC93A7008569BD /* ContentView.swift */ = {isa = PBXFileReference; lastKnownFileType = sourcecode.swift; path = ContentView.swift; sourceTree = "<group>"; };
		133BD6DE2ACC93A8008569BD /* Assets.xcassets */ = {isa = PBXFileReference; lastKnownFileType = folder.assetcatalog; path = Assets.xcassets; sourceTree = "<group>"; };
		133BD6E12ACC93A8008569BD /* Preview Assets.xcassets */ = {isa = PBXFileReference; lastKnownFileType = folder.assetcatalog; path = "Preview Assets.xcassets"; sourceTree = "<group>"; };
		133BD6F12ACC9609008569BD /* LoginView.swift */ = {isa = PBXFileReference; lastKnownFileType = sourcecode.swift; path = LoginView.swift; sourceTree = "<group>"; };
		136FBAD02AEFBC5600373FC4 /* CurrentUserProfileView.swift */ = {isa = PBXFileReference; lastKnownFileType = sourcecode.swift; path = CurrentUserProfileView.swift; sourceTree = "<group>"; };
		136FBAD42AEFC1D800373FC4 /* ProfileHeaderView.swift */ = {isa = PBXFileReference; lastKnownFileType = sourcecode.swift; path = ProfileHeaderView.swift; sourceTree = "<group>"; };
		136FBAD62AEFC3FB00373FC4 /* UserContentListView.swift */ = {isa = PBXFileReference; lastKnownFileType = sourcecode.swift; path = UserContentListView.swift; sourceTree = "<group>"; };
		136FBADA2AEFEC3A00373FC4 /* EditProfileViewModel.swift */ = {isa = PBXFileReference; lastKnownFileType = sourcecode.swift; path = EditProfileViewModel.swift; sourceTree = "<group>"; };
		136FBADC2AEFEF6C00373FC4 /* ImageUploader.swift */ = {isa = PBXFileReference; lastKnownFileType = sourcecode.swift; path = ImageUploader.swift; sourceTree = "<group>"; };
/* End PBXFileReference section */

/* Begin PBXFrameworksBuildPhase section */
		133BD6D42ACC93A7008569BD /* Frameworks */ = {
			isa = PBXFrameworksBuildPhase;
			buildActionMask = 2147483647;
			files = (
				131DB1BB2AEBC1150021FBBF /* FirebaseDatabase in Frameworks */,
				131DB1C92AEBC1150021FBBF /* FirebaseFunctionsCombine-Community in Frameworks */,
				131DB1C12AEBC1150021FBBF /* FirebaseFirestore in Frameworks */,
				131DB1AD2AEBC1150021FBBF /* FirebaseAnalyticsSwift in Frameworks */,
				131DB1A92AEBC1150021FBBF /* FirebaseAnalytics in Frameworks */,
				131DB1AB2AEBC1150021FBBF /* FirebaseAnalyticsOnDeviceConversion in Frameworks */,
				131DB1D12AEBC1150021FBBF /* FirebaseMLModelDownloader in Frameworks */,
				131DB1C52AEBC1150021FBBF /* FirebaseFirestoreSwift in Frameworks */,
				131DB1B12AEBC1150021FBBF /* FirebaseAppCheck in Frameworks */,
				131DB1AF2AEBC1150021FBBF /* FirebaseAnalyticsWithoutAdIdSupport in Frameworks */,
				131DB1B52AEBC1150021FBBF /* FirebaseAuth in Frameworks */,
				131DB1B92AEBC1150021FBBF /* FirebaseCrashlytics in Frameworks */,
				131DB1D92AEBC1150021FBBF /* FirebaseRemoteConfigSwift in Frameworks */,
				131DB1CB2AEBC1150021FBBF /* FirebaseInAppMessaging-Beta in Frameworks */,
				131DB1BD2AEBC1150021FBBF /* FirebaseDatabaseSwift in Frameworks */,
				131DB1C72AEBC1150021FBBF /* FirebaseFunctions in Frameworks */,
				131DB1DD2AEBC1150021FBBF /* FirebaseStorageCombine-Community in Frameworks */,
				131DB1D72AEBC1150021FBBF /* FirebaseRemoteConfig in Frameworks */,
				131DB1B32AEBC1150021FBBF /* FirebaseAppDistribution-Beta in Frameworks */,
				131DB1B72AEBC1150021FBBF /* FirebaseAuthCombine-Community in Frameworks */,
				131DB1D52AEBC1150021FBBF /* FirebasePerformance in Frameworks */,
				131DB1CD2AEBC1150021FBBF /* FirebaseInAppMessagingSwift-Beta in Frameworks */,
				131DB1DB2AEBC1150021FBBF /* FirebaseStorage in Frameworks */,
				131DB1BF2AEBC1150021FBBF /* FirebaseDynamicLinks in Frameworks */,
				131DB1C32AEBC1150021FBBF /* FirebaseFirestoreCombine-Community in Frameworks */,
				131DB1D32AEBC1150021FBBF /* FirebaseMessaging in Frameworks */,
				131DB1CF2AEBC1150021FBBF /* FirebaseInstallations in Frameworks */,
			);
			runOnlyForDeploymentPostprocessing = 0;
		};
/* End PBXFrameworksBuildPhase section */

/* Begin PBXGroup section */
		131DB1DE2AEBC48C0021FBBF /* ViewModel */ = {
			isa = PBXGroup;
			children = (
				131DB1E82AEBDCD80021FBBF /* LoginViewModel.swift */,
				131DB1E02AEBC4A90021FBBF /* RegistrationViewModel.swift */,
			);
			path = ViewModel;
			sourceTree = "<group>";
		};
		131DB1DF2AEBC4960021FBBF /* Service */ = {
			isa = PBXGroup;
			children = (
				131DB1E22AEBC56A0021FBBF /* AuthService.swift */,
			);
			path = Service;
			sourceTree = "<group>";
		};
		131DB1E42AEBD2E60021FBBF /* View */ = {
			isa = PBXGroup;
			children = (
				133BD6DC2ACC93A7008569BD /* ContentView.swift */,
			);
			path = View;
			sourceTree = "<group>";
		};
		131DB1E52AEBD2EB0021FBBF /* ViewModel */ = {
			isa = PBXGroup;
			children = (
				131DB1E62AEBD30E0021FBBF /* ContentViewModel.swift */,
			);
			path = ViewModel;
			sourceTree = "<group>";
		};
		131DB1F32AEE405C0021FBBF /* ViewModel */ = {
			isa = PBXGroup;
			children = (
				131DB1F42AEE407A0021FBBF /* ExploreViewModel.swift */,
			);
			path = ViewModel;
			sourceTree = "<group>";
		};
		1330BE5A2AEA6BD40063B007 /* ViewModifiers */ = {
			isa = PBXGroup;
			children = (
				1330BE5B2AEA6C090063B007 /* ThreadsTextFieldModifier.swift */,
			);
			path = ViewModifiers;
			sourceTree = "<group>";
		};
		1330BE5D2AEA6E6A0063B007 /* TabBar */ = {
			isa = PBXGroup;
			children = (
				1330BE5E2AEA6E900063B007 /* ThreadsTabView.swift */,
			);
			path = TabBar;
			sourceTree = "<group>";
		};
		1330BE602AEA72980063B007 /* Feed */ = {
			isa = PBXGroup;
			children = (
				1330BE612AEA72A30063B007 /* View */,
			);
			path = Feed;
			sourceTree = "<group>";
		};
		1330BE612AEA72A30063B007 /* View */ = {
			isa = PBXGroup;
			children = (
				1330BE622AEA72AB0063B007 /* FeedView.swift */,
				1330BE742AEA84DF0063B007 /* ThreadCell.swift */,
			);
			path = View;
			sourceTree = "<group>";
		};
		1330BE642AEA72C30063B007 /* Explore */ = {
			isa = PBXGroup;
			children = (
				1330BE652AEA72DD0063B007 /* View */,
				131DB1F32AEE405C0021FBBF /* ViewModel */,
			);
			path = Explore;
			sourceTree = "<group>";
		};
		1330BE652AEA72DD0063B007 /* View */ = {
			isa = PBXGroup;
			children = (
				1330BE662AEA72E70063B007 /* ExploreView.swift */,
			);
			path = View;
			sourceTree = "<group>";
		};
		1330BE682AEA734D0063B007 /* ThreadCreation */ = {
			isa = PBXGroup;
			children = (
				1330BE692AEA736E0063B007 /* View */,
			);
			path = ThreadCreation;
			sourceTree = "<group>";
		};
		1330BE692AEA736E0063B007 /* View */ = {
			isa = PBXGroup;
			children = (
				1330BE6A2AEA737B0063B007 /* ThreadCreationView.swift */,
			);
			path = View;
			sourceTree = "<group>";
		};
		1330BE6C2AEA73D10063B007 /* Activity */ = {
			isa = PBXGroup;
			children = (
				1330BE6D2AEA73D60063B007 /* View */,
			);
			path = Activity;
			sourceTree = "<group>";
		};
		1330BE6D2AEA73D60063B007 /* View */ = {
			isa = PBXGroup;
			children = (
				1330BE6E2AEA73DF0063B007 /* ActivityView.swift */,
			);
			path = View;
			sourceTree = "<group>";
		};
		1330BE702AEA82330063B007 /* Profile */ = {
			isa = PBXGroup;
			children = (
				136FBAD32AEFC1C700373FC4 /* Components */,
				136FBACE2AEFBC2B00373FC4 /* CurrentUserProfile */,
				13386D332AEBA85D0083E703 /* EditProfile */,
				1330BE7B2AEAAE310063B007 /* Model */,
				1330BE712AEA823F0063B007 /* UserProfile */,
			);
			path = Profile;
			sourceTree = "<group>";
		};
		1330BE712AEA823F0063B007 /* UserProfile */ = {
			isa = PBXGroup;
			children = (
				1330BE722AEA82460063B007 /* ProfileView.swift */,
			);
			path = UserProfile;
			sourceTree = "<group>";
		};
		1330BE762AEAA6FF0063B007 /* Components */ = {
			isa = PBXGroup;
			children = (
				1330BE772AEAA7230063B007 /* CircularProfileImageView.swift */,
				1330BE792AEAA8020063B007 /* UserCell.swift */,
			);
			path = Components;
			sourceTree = "<group>";
		};
		1330BE7B2AEAAE310063B007 /* Model */ = {
			isa = PBXGroup;
			children = (
				1330BE7C2AEAAE4A0063B007 /* ProfileThreadFilter.swift */,
			);
			path = Model;
			sourceTree = "<group>";
		};
		13386D332AEBA85D0083E703 /* EditProfile */ = {
			isa = PBXGroup;
			children = (
				136FBAD92AEFEC2E00373FC4 /* View */,
				136FBAD82AEFEC2500373FC4 /* ViewModel */,
			);
			path = EditProfile;
			sourceTree = "<group>";
		};
		133BD6CE2ACC93A7008569BD = {
			isa = PBXGroup;
			children = (
				133BD6D92ACC93A7008569BD /* threads-clone */,
				133BD6D82ACC93A7008569BD /* Products */,
			);
			sourceTree = "<group>";
		};
		133BD6D82ACC93A7008569BD /* Products */ = {
			isa = PBXGroup;
			children = (
				133BD6D72ACC93A7008569BD /* threads-clone.app */,
			);
			name = Products;
			sourceTree = "<group>";
		};
		133BD6D92ACC93A7008569BD /* threads-clone */ = {
			isa = PBXGroup;
			children = (
				133BD6ED2ACC95BE008569BD /* App */,
				133BD6EC2ACC95BA008569BD /* Core */,
				133BD6EB2ACC95B8008569BD /* Extensions */,
				133BD6EA2ACC95B6008569BD /* Model */,
				133BD6E92ACC95B4008569BD /* Services */,
				133BD6E82ACC95AE008569BD /* Utils */,
				131DB1A52AEBC0620021FBBF /* GoogleService-Info.plist */,
				133BD6DE2ACC93A8008569BD /* Assets.xcassets */,
				133BD6E02ACC93A8008569BD /* Preview Content */,
			);
			path = "threads-clone";
			sourceTree = "<group>";
		};
		133BD6E02ACC93A8008569BD /* Preview Content */ = {
			isa = PBXGroup;
			children = (
				133BD6E12ACC93A8008569BD /* Preview Assets.xcassets */,
			);
			path = "Preview Content";
			sourceTree = "<group>";
		};
		133BD6E82ACC95AE008569BD /* Utils */ = {
			isa = PBXGroup;
			children = (
				1330BE5A2AEA6BD40063B007 /* ViewModifiers */,
			);
			path = Utils;
			sourceTree = "<group>";
		};
		133BD6E92ACC95B4008569BD /* Services */ = {
			isa = PBXGroup;
			children = (
				131DB1EC2AEBF3D40021FBBF /* UserService.swift */,
				136FBADC2AEFEF6C00373FC4 /* ImageUploader.swift */,
			);
			path = Services;
			sourceTree = "<group>";
		};
		133BD6EA2ACC95B6008569BD /* Model */ = {
			isa = PBXGroup;
			children = (
				131DB1EA2AEBEEC60021FBBF /* User.swift */,
			);
			path = Model;
			sourceTree = "<group>";
		};
		133BD6EB2ACC95B8008569BD /* Extensions */ = {
			isa = PBXGroup;
			children = (
			);
			path = Extensions;
			sourceTree = "<group>";
		};
		133BD6EC2ACC95BA008569BD /* Core */ = {
			isa = PBXGroup;
			children = (
				1330BE6C2AEA73D10063B007 /* Activity */,
				133BD6EF2ACC95DF008569BD /* Auth */,
				1330BE762AEAA6FF0063B007 /* Components */,
				1330BE642AEA72C30063B007 /* Explore */,
				1330BE602AEA72980063B007 /* Feed */,
				1330BE702AEA82330063B007 /* Profile */,
				133BD6EE2ACC95DC008569BD /* Root */,
				1330BE5D2AEA6E6A0063B007 /* TabBar */,
				1330BE682AEA734D0063B007 /* ThreadCreation */,
			);
			path = Core;
			sourceTree = "<group>";
		};
		133BD6ED2ACC95BE008569BD /* App */ = {
			isa = PBXGroup;
			children = (
				133BD6DA2ACC93A7008569BD /* threads_cloneApp.swift */,
			);
			path = App;
			sourceTree = "<group>";
		};
		133BD6EE2ACC95DC008569BD /* Root */ = {
			isa = PBXGroup;
			children = (
				131DB1E42AEBD2E60021FBBF /* View */,
				131DB1E52AEBD2EB0021FBBF /* ViewModel */,
			);
			path = Root;
			sourceTree = "<group>";
		};
		133BD6EF2ACC95DF008569BD /* Auth */ = {
			isa = PBXGroup;
			children = (
				131DB1DF2AEBC4960021FBBF /* Service */,
				133BD6F02ACC95FD008569BD /* View */,
				131DB1DE2AEBC48C0021FBBF /* ViewModel */,
			);
			path = Auth;
			sourceTree = "<group>";
		};
		133BD6F02ACC95FD008569BD /* View */ = {
			isa = PBXGroup;
			children = (
				133BD6F12ACC9609008569BD /* LoginView.swift */,
				1330BE582AEA60500063B007 /* RegistrationView.swift */,
			);
			path = View;
			sourceTree = "<group>";
		};
		136FBACE2AEFBC2B00373FC4 /* CurrentUserProfile */ = {
			isa = PBXGroup;
			children = (
				136FBACF2AEFBC4400373FC4 /* View */,
				136FBAD22AEFBCAB00373FC4 /* ViewModel */,
			);
			path = CurrentUserProfile;
			sourceTree = "<group>";
		};
		136FBACF2AEFBC4400373FC4 /* View */ = {
			isa = PBXGroup;
			children = (
				136FBAD02AEFBC5600373FC4 /* CurrentUserProfileView.swift */,
			);
			path = View;
			sourceTree = "<group>";
		};
		136FBAD22AEFBCAB00373FC4 /* ViewModel */ = {
			isa = PBXGroup;
			children = (
				131DB1EF2AEBF49B0021FBBF /* CurrentUserProfileViewModel.swift */,
			);
			path = ViewModel;
			sourceTree = "<group>";
		};
		136FBAD32AEFC1C700373FC4 /* Components */ = {
			isa = PBXGroup;
			children = (
				136FBAD42AEFC1D800373FC4 /* ProfileHeaderView.swift */,
				136FBAD62AEFC3FB00373FC4 /* UserContentListView.swift */,
			);
			path = Components;
			sourceTree = "<group>";
		};
		136FBAD82AEFEC2500373FC4 /* ViewModel */ = {
			isa = PBXGroup;
			children = (
				136FBADA2AEFEC3A00373FC4 /* EditProfileViewModel.swift */,
			);
			path = ViewModel;
			sourceTree = "<group>";
		};
		136FBAD92AEFEC2E00373FC4 /* View */ = {
			isa = PBXGroup;
			children = (
				13386D342AEBA8910083E703 /* EditProfileView.swift */,
			);
			path = View;
			sourceTree = "<group>";
		};
/* End PBXGroup section */

/* Begin PBXNativeTarget section */
		133BD6D62ACC93A7008569BD /* threads-clone */ = {
			isa = PBXNativeTarget;
			buildConfigurationList = 133BD6E52ACC93A8008569BD /* Build configuration list for PBXNativeTarget "threads-clone" */;
			buildPhases = (
				133BD6D32ACC93A7008569BD /* Sources */,
				133BD6D42ACC93A7008569BD /* Frameworks */,
				133BD6D52ACC93A7008569BD /* Resources */,
			);
			buildRules = (
			);
			dependencies = (
			);
			name = "threads-clone";
			packageProductDependencies = (
				131DB1A82AEBC1150021FBBF /* FirebaseAnalytics */,
				131DB1AA2AEBC1150021FBBF /* FirebaseAnalyticsOnDeviceConversion */,
				131DB1AC2AEBC1150021FBBF /* FirebaseAnalyticsSwift */,
				131DB1AE2AEBC1150021FBBF /* FirebaseAnalyticsWithoutAdIdSupport */,
				131DB1B02AEBC1150021FBBF /* FirebaseAppCheck */,
				131DB1B22AEBC1150021FBBF /* FirebaseAppDistribution-Beta */,
				131DB1B42AEBC1150021FBBF /* FirebaseAuth */,
				131DB1B62AEBC1150021FBBF /* FirebaseAuthCombine-Community */,
				131DB1B82AEBC1150021FBBF /* FirebaseCrashlytics */,
				131DB1BA2AEBC1150021FBBF /* FirebaseDatabase */,
				131DB1BC2AEBC1150021FBBF /* FirebaseDatabaseSwift */,
				131DB1BE2AEBC1150021FBBF /* FirebaseDynamicLinks */,
				131DB1C02AEBC1150021FBBF /* FirebaseFirestore */,
				131DB1C22AEBC1150021FBBF /* FirebaseFirestoreCombine-Community */,
				131DB1C42AEBC1150021FBBF /* FirebaseFirestoreSwift */,
				131DB1C62AEBC1150021FBBF /* FirebaseFunctions */,
				131DB1C82AEBC1150021FBBF /* FirebaseFunctionsCombine-Community */,
				131DB1CA2AEBC1150021FBBF /* FirebaseInAppMessaging-Beta */,
				131DB1CC2AEBC1150021FBBF /* FirebaseInAppMessagingSwift-Beta */,
				131DB1CE2AEBC1150021FBBF /* FirebaseInstallations */,
				131DB1D02AEBC1150021FBBF /* FirebaseMLModelDownloader */,
				131DB1D22AEBC1150021FBBF /* FirebaseMessaging */,
				131DB1D42AEBC1150021FBBF /* FirebasePerformance */,
				131DB1D62AEBC1150021FBBF /* FirebaseRemoteConfig */,
				131DB1D82AEBC1150021FBBF /* FirebaseRemoteConfigSwift */,
				131DB1DA2AEBC1150021FBBF /* FirebaseStorage */,
				131DB1DC2AEBC1150021FBBF /* FirebaseStorageCombine-Community */,
			);
			productName = "threads-clone";
			productReference = 133BD6D72ACC93A7008569BD /* threads-clone.app */;
			productType = "com.apple.product-type.application";
		};
/* End PBXNativeTarget section */

/* Begin PBXProject section */
		133BD6CF2ACC93A7008569BD /* Project object */ = {
			isa = PBXProject;
			attributes = {
				BuildIndependentTargetsInParallel = 1;
				LastSwiftUpdateCheck = 1500;
				LastUpgradeCheck = 1500;
				TargetAttributes = {
					133BD6D62ACC93A7008569BD = {
						CreatedOnToolsVersion = 15.0;
					};
				};
			};
			buildConfigurationList = 133BD6D22ACC93A7008569BD /* Build configuration list for PBXProject "threads-clone" */;
			compatibilityVersion = "Xcode 14.0";
			developmentRegion = en;
			hasScannedForEncodings = 0;
			knownRegions = (
				en,
				Base,
			);
			mainGroup = 133BD6CE2ACC93A7008569BD;
			packageReferences = (
				131DB1A72AEBC1150021FBBF /* XCRemoteSwiftPackageReference "firebase-ios-sdk" */,
			);
			productRefGroup = 133BD6D82ACC93A7008569BD /* Products */;
			projectDirPath = "";
			projectRoot = "";
			targets = (
				133BD6D62ACC93A7008569BD /* threads-clone */,
			);
		};
/* End PBXProject section */

/* Begin PBXResourcesBuildPhase section */
		133BD6D52ACC93A7008569BD /* Resources */ = {
			isa = PBXResourcesBuildPhase;
			buildActionMask = 2147483647;
			files = (
				133BD6E22ACC93A8008569BD /* Preview Assets.xcassets in Resources */,
				133BD6DF2ACC93A8008569BD /* Assets.xcassets in Resources */,
				131DB1A62AEBC0620021FBBF /* GoogleService-Info.plist in Resources */,
			);
			runOnlyForDeploymentPostprocessing = 0;
		};
/* End PBXResourcesBuildPhase section */

/* Begin PBXSourcesBuildPhase section */
		133BD6D32ACC93A7008569BD /* Sources */ = {
			isa = PBXSourcesBuildPhase;
			buildActionMask = 2147483647;
			files = (
				1330BE632AEA72AB0063B007 /* FeedView.swift in Sources */,
				131DB1E12AEBC4A90021FBBF /* RegistrationViewModel.swift in Sources */,
				133BD6F22ACC9609008569BD /* LoginView.swift in Sources */,
				131DB1E32AEBC56A0021FBBF /* AuthService.swift in Sources */,
				136FBADB2AEFEC3A00373FC4 /* EditProfileViewModel.swift in Sources */,
				136FBAD12AEFBC5600373FC4 /* CurrentUserProfileView.swift in Sources */,
				13386D352AEBA8910083E703 /* EditProfileView.swift in Sources */,
				133BD6DD2ACC93A7008569BD /* ContentView.swift in Sources */,
				131DB1ED2AEBF3D40021FBBF /* UserService.swift in Sources */,
				1330BE752AEA84DF0063B007 /* ThreadCell.swift in Sources */,
				1330BE6F2AEA73DF0063B007 /* ActivityView.swift in Sources */,
				131DB1E92AEBDCD80021FBBF /* LoginViewModel.swift in Sources */,
				1330BE782AEAA7230063B007 /* CircularProfileImageView.swift in Sources */,
				1330BE7A2AEAA8020063B007 /* UserCell.swift in Sources */,
				131DB1F52AEE407A0021FBBF /* ExploreViewModel.swift in Sources */,
				1330BE6B2AEA737B0063B007 /* ThreadCreationView.swift in Sources */,
				1330BE7D2AEAAE4A0063B007 /* ProfileThreadFilter.swift in Sources */,
				131DB1E72AEBD30E0021FBBF /* ContentViewModel.swift in Sources */,
				131DB1F02AEBF49B0021FBBF /* CurrentUserProfileViewModel.swift in Sources */,
				1330BE5F2AEA6E900063B007 /* ThreadsTabView.swift in Sources */,
				136FBAD52AEFC1D800373FC4 /* ProfileHeaderView.swift in Sources */,
				1330BE5C2AEA6C090063B007 /* ThreadsTextFieldModifier.swift in Sources */,
				133BD6DB2ACC93A7008569BD /* threads_cloneApp.swift in Sources */,
				1330BE672AEA72E70063B007 /* ExploreView.swift in Sources */,
				1330BE732AEA82460063B007 /* ProfileView.swift in Sources */,
				136FBAD72AEFC3FB00373FC4 /* UserContentListView.swift in Sources */,
				1330BE592AEA60500063B007 /* RegistrationView.swift in Sources */,
				131DB1EB2AEBEEC60021FBBF /* User.swift in Sources */,
				136FBADD2AEFEF6C00373FC4 /* ImageUploader.swift in Sources */,
			);
			runOnlyForDeploymentPostprocessing = 0;
		};
/* End PBXSourcesBuildPhase section */

/* Begin XCBuildConfiguration section */
		133BD6E32ACC93A8008569BD /* Debug */ = {
			isa = XCBuildConfiguration;
			buildSettings = {
				ALWAYS_SEARCH_USER_PATHS = NO;
				ASSETCATALOG_COMPILER_GENERATE_SWIFT_ASSET_SYMBOL_EXTENSIONS = YES;
				CLANG_ANALYZER_NONNULL = YES;
				CLANG_ANALYZER_NUMBER_OBJECT_CONVERSION = YES_AGGRESSIVE;
				CLANG_CXX_LANGUAGE_STANDARD = "gnu++20";
				CLANG_ENABLE_MODULES = YES;
				CLANG_ENABLE_OBJC_ARC = YES;
				CLANG_ENABLE_OBJC_WEAK = YES;
				CLANG_WARN_BLOCK_CAPTURE_AUTORELEASING = YES;
				CLANG_WARN_BOOL_CONVERSION = YES;
				CLANG_WARN_COMMA = YES;
				CLANG_WARN_CONSTANT_CONVERSION = YES;
				CLANG_WARN_DEPRECATED_OBJC_IMPLEMENTATIONS = YES;
				CLANG_WARN_DIRECT_OBJC_ISA_USAGE = YES_ERROR;
				CLANG_WARN_DOCUMENTATION_COMMENTS = YES;
				CLANG_WARN_EMPTY_BODY = YES;
				CLANG_WARN_ENUM_CONVERSION = YES;
				CLANG_WARN_INFINITE_RECURSION = YES;
				CLANG_WARN_INT_CONVERSION = YES;
				CLANG_WARN_NON_LITERAL_NULL_CONVERSION = YES;
				CLANG_WARN_OBJC_IMPLICIT_RETAIN_SELF = YES;
				CLANG_WARN_OBJC_LITERAL_CONVERSION = YES;
				CLANG_WARN_OBJC_ROOT_CLASS = YES_ERROR;
				CLANG_WARN_QUOTED_INCLUDE_IN_FRAMEWORK_HEADER = YES;
				CLANG_WARN_RANGE_LOOP_ANALYSIS = YES;
				CLANG_WARN_STRICT_PROTOTYPES = YES;
				CLANG_WARN_SUSPICIOUS_MOVE = YES;
				CLANG_WARN_UNGUARDED_AVAILABILITY = YES_AGGRESSIVE;
				CLANG_WARN_UNREACHABLE_CODE = YES;
				CLANG_WARN__DUPLICATE_METHOD_MATCH = YES;
				COPY_PHASE_STRIP = NO;
				DEBUG_INFORMATION_FORMAT = dwarf;
				ENABLE_STRICT_OBJC_MSGSEND = YES;
				ENABLE_TESTABILITY = YES;
				ENABLE_USER_SCRIPT_SANDBOXING = YES;
				GCC_C_LANGUAGE_STANDARD = gnu17;
				GCC_DYNAMIC_NO_PIC = NO;
				GCC_NO_COMMON_BLOCKS = YES;
				GCC_OPTIMIZATION_LEVEL = 0;
				GCC_PREPROCESSOR_DEFINITIONS = (
					"DEBUG=1",
					"$(inherited)",
				);
				GCC_WARN_64_TO_32_BIT_CONVERSION = YES;
				GCC_WARN_ABOUT_RETURN_TYPE = YES_ERROR;
				GCC_WARN_UNDECLARED_SELECTOR = YES;
				GCC_WARN_UNINITIALIZED_AUTOS = YES_AGGRESSIVE;
				GCC_WARN_UNUSED_FUNCTION = YES;
				GCC_WARN_UNUSED_VARIABLE = YES;
				IPHONEOS_DEPLOYMENT_TARGET = 17.0;
				LOCALIZATION_PREFERS_STRING_CATALOGS = YES;
				MTL_ENABLE_DEBUG_INFO = INCLUDE_SOURCE;
				MTL_FAST_MATH = YES;
				ONLY_ACTIVE_ARCH = YES;
				SDKROOT = iphoneos;
				SWIFT_ACTIVE_COMPILATION_CONDITIONS = "DEBUG $(inherited)";
				SWIFT_OPTIMIZATION_LEVEL = "-Onone";
			};
			name = Debug;
		};
		133BD6E42ACC93A8008569BD /* Release */ = {
			isa = XCBuildConfiguration;
			buildSettings = {
				ALWAYS_SEARCH_USER_PATHS = NO;
				ASSETCATALOG_COMPILER_GENERATE_SWIFT_ASSET_SYMBOL_EXTENSIONS = YES;
				CLANG_ANALYZER_NONNULL = YES;
				CLANG_ANALYZER_NUMBER_OBJECT_CONVERSION = YES_AGGRESSIVE;
				CLANG_CXX_LANGUAGE_STANDARD = "gnu++20";
				CLANG_ENABLE_MODULES = YES;
				CLANG_ENABLE_OBJC_ARC = YES;
				CLANG_ENABLE_OBJC_WEAK = YES;
				CLANG_WARN_BLOCK_CAPTURE_AUTORELEASING = YES;
				CLANG_WARN_BOOL_CONVERSION = YES;
				CLANG_WARN_COMMA = YES;
				CLANG_WARN_CONSTANT_CONVERSION = YES;
				CLANG_WARN_DEPRECATED_OBJC_IMPLEMENTATIONS = YES;
				CLANG_WARN_DIRECT_OBJC_ISA_USAGE = YES_ERROR;
				CLANG_WARN_DOCUMENTATION_COMMENTS = YES;
				CLANG_WARN_EMPTY_BODY = YES;
				CLANG_WARN_ENUM_CONVERSION = YES;
				CLANG_WARN_INFINITE_RECURSION = YES;
				CLANG_WARN_INT_CONVERSION = YES;
				CLANG_WARN_NON_LITERAL_NULL_CONVERSION = YES;
				CLANG_WARN_OBJC_IMPLICIT_RETAIN_SELF = YES;
				CLANG_WARN_OBJC_LITERAL_CONVERSION = YES;
				CLANG_WARN_OBJC_ROOT_CLASS = YES_ERROR;
				CLANG_WARN_QUOTED_INCLUDE_IN_FRAMEWORK_HEADER = YES;
				CLANG_WARN_RANGE_LOOP_ANALYSIS = YES;
				CLANG_WARN_STRICT_PROTOTYPES = YES;
				CLANG_WARN_SUSPICIOUS_MOVE = YES;
				CLANG_WARN_UNGUARDED_AVAILABILITY = YES_AGGRESSIVE;
				CLANG_WARN_UNREACHABLE_CODE = YES;
				CLANG_WARN__DUPLICATE_METHOD_MATCH = YES;
				COPY_PHASE_STRIP = NO;
				DEBUG_INFORMATION_FORMAT = "dwarf-with-dsym";
				ENABLE_NS_ASSERTIONS = NO;
				ENABLE_STRICT_OBJC_MSGSEND = YES;
				ENABLE_USER_SCRIPT_SANDBOXING = YES;
				GCC_C_LANGUAGE_STANDARD = gnu17;
				GCC_NO_COMMON_BLOCKS = YES;
				GCC_WARN_64_TO_32_BIT_CONVERSION = YES;
				GCC_WARN_ABOUT_RETURN_TYPE = YES_ERROR;
				GCC_WARN_UNDECLARED_SELECTOR = YES;
				GCC_WARN_UNINITIALIZED_AUTOS = YES_AGGRESSIVE;
				GCC_WARN_UNUSED_FUNCTION = YES;
				GCC_WARN_UNUSED_VARIABLE = YES;
				IPHONEOS_DEPLOYMENT_TARGET = 17.0;
				LOCALIZATION_PREFERS_STRING_CATALOGS = YES;
				MTL_ENABLE_DEBUG_INFO = NO;
				MTL_FAST_MATH = YES;
				SDKROOT = iphoneos;
				SWIFT_COMPILATION_MODE = wholemodule;
				VALIDATE_PRODUCT = YES;
			};
			name = Release;
		};
		133BD6E62ACC93A8008569BD /* Debug */ = {
			isa = XCBuildConfiguration;
			buildSettings = {
				ASSETCATALOG_COMPILER_APPICON_NAME = AppIcon;
				ASSETCATALOG_COMPILER_GLOBAL_ACCENT_COLOR_NAME = AccentColor;
				CODE_SIGN_STYLE = Automatic;
				CURRENT_PROJECT_VERSION = 1;
				DEVELOPMENT_ASSET_PATHS = "\"threads-clone/Preview Content\"";
				DEVELOPMENT_TEAM = 8ZB4XVFP58;
				ENABLE_PREVIEWS = YES;
				GENERATE_INFOPLIST_FILE = YES;
				INFOPLIST_KEY_UIApplicationSceneManifest_Generation = YES;
				INFOPLIST_KEY_UIApplicationSupportsIndirectInputEvents = YES;
				INFOPLIST_KEY_UILaunchScreen_Generation = YES;
				INFOPLIST_KEY_UISupportedInterfaceOrientations_iPad = "UIInterfaceOrientationPortrait UIInterfaceOrientationPortraitUpsideDown UIInterfaceOrientationLandscapeLeft UIInterfaceOrientationLandscapeRight";
				INFOPLIST_KEY_UISupportedInterfaceOrientations_iPhone = "UIInterfaceOrientationPortrait UIInterfaceOrientationLandscapeLeft UIInterfaceOrientationLandscapeRight";
				LD_RUNPATH_SEARCH_PATHS = (
					"$(inherited)",
					"@executable_path/Frameworks",
				);
				MARKETING_VERSION = 1.0;
				PRODUCT_BUNDLE_IDENTIFIER = "com.miloskrstic.threads-clone";
				PRODUCT_NAME = "$(TARGET_NAME)";
				SWIFT_EMIT_LOC_STRINGS = YES;
				SWIFT_VERSION = 5.0;
				TARGETED_DEVICE_FAMILY = "1,2";
			};
			name = Debug;
		};
		133BD6E72ACC93A8008569BD /* Release */ = {
			isa = XCBuildConfiguration;
			buildSettings = {
				ASSETCATALOG_COMPILER_APPICON_NAME = AppIcon;
				ASSETCATALOG_COMPILER_GLOBAL_ACCENT_COLOR_NAME = AccentColor;
				CODE_SIGN_STYLE = Automatic;
				CURRENT_PROJECT_VERSION = 1;
				DEVELOPMENT_ASSET_PATHS = "\"threads-clone/Preview Content\"";
				DEVELOPMENT_TEAM = 8ZB4XVFP58;
				ENABLE_PREVIEWS = YES;
				GENERATE_INFOPLIST_FILE = YES;
				INFOPLIST_KEY_UIApplicationSceneManifest_Generation = YES;
				INFOPLIST_KEY_UIApplicationSupportsIndirectInputEvents = YES;
				INFOPLIST_KEY_UILaunchScreen_Generation = YES;
				INFOPLIST_KEY_UISupportedInterfaceOrientations_iPad = "UIInterfaceOrientationPortrait UIInterfaceOrientationPortraitUpsideDown UIInterfaceOrientationLandscapeLeft UIInterfaceOrientationLandscapeRight";
				INFOPLIST_KEY_UISupportedInterfaceOrientations_iPhone = "UIInterfaceOrientationPortrait UIInterfaceOrientationLandscapeLeft UIInterfaceOrientationLandscapeRight";
				LD_RUNPATH_SEARCH_PATHS = (
					"$(inherited)",
					"@executable_path/Frameworks",
				);
				MARKETING_VERSION = 1.0;
				PRODUCT_BUNDLE_IDENTIFIER = "com.miloskrstic.threads-clone";
				PRODUCT_NAME = "$(TARGET_NAME)";
				SWIFT_EMIT_LOC_STRINGS = YES;
				SWIFT_VERSION = 5.0;
				TARGETED_DEVICE_FAMILY = "1,2";
			};
			name = Release;
		};
/* End XCBuildConfiguration section */

/* Begin XCConfigurationList section */
		133BD6D22ACC93A7008569BD /* Build configuration list for PBXProject "threads-clone" */ = {
			isa = XCConfigurationList;
			buildConfigurations = (
				133BD6E32ACC93A8008569BD /* Debug */,
				133BD6E42ACC93A8008569BD /* Release */,
			);
			defaultConfigurationIsVisible = 0;
			defaultConfigurationName = Release;
		};
		133BD6E52ACC93A8008569BD /* Build configuration list for PBXNativeTarget "threads-clone" */ = {
			isa = XCConfigurationList;
			buildConfigurations = (
				133BD6E62ACC93A8008569BD /* Debug */,
				133BD6E72ACC93A8008569BD /* Release */,
			);
			defaultConfigurationIsVisible = 0;
			defaultConfigurationName = Release;
		};
/* End XCConfigurationList section */

/* Begin XCRemoteSwiftPackageReference section */
		131DB1A72AEBC1150021FBBF /* XCRemoteSwiftPackageReference "firebase-ios-sdk" */ = {
			isa = XCRemoteSwiftPackageReference;
			repositoryURL = "https://github.com/firebase/firebase-ios-sdk";
			requirement = {
				kind = upToNextMajorVersion;
				minimumVersion = 10.16.0;
			};
		};
/* End XCRemoteSwiftPackageReference section */

/* Begin XCSwiftPackageProductDependency section */
		131DB1A82AEBC1150021FBBF /* FirebaseAnalytics */ = {
			isa = XCSwiftPackageProductDependency;
			package = 131DB1A72AEBC1150021FBBF /* XCRemoteSwiftPackageReference "firebase-ios-sdk" */;
			productName = FirebaseAnalytics;
		};
		131DB1AA2AEBC1150021FBBF /* FirebaseAnalyticsOnDeviceConversion */ = {
			isa = XCSwiftPackageProductDependency;
			package = 131DB1A72AEBC1150021FBBF /* XCRemoteSwiftPackageReference "firebase-ios-sdk" */;
			productName = FirebaseAnalyticsOnDeviceConversion;
		};
		131DB1AC2AEBC1150021FBBF /* FirebaseAnalyticsSwift */ = {
			isa = XCSwiftPackageProductDependency;
			package = 131DB1A72AEBC1150021FBBF /* XCRemoteSwiftPackageReference "firebase-ios-sdk" */;
			productName = FirebaseAnalyticsSwift;
		};
		131DB1AE2AEBC1150021FBBF /* FirebaseAnalyticsWithoutAdIdSupport */ = {
			isa = XCSwiftPackageProductDependency;
			package = 131DB1A72AEBC1150021FBBF /* XCRemoteSwiftPackageReference "firebase-ios-sdk" */;
			productName = FirebaseAnalyticsWithoutAdIdSupport;
		};
		131DB1B02AEBC1150021FBBF /* FirebaseAppCheck */ = {
			isa = XCSwiftPackageProductDependency;
			package = 131DB1A72AEBC1150021FBBF /* XCRemoteSwiftPackageReference "firebase-ios-sdk" */;
			productName = FirebaseAppCheck;
		};
		131DB1B22AEBC1150021FBBF /* FirebaseAppDistribution-Beta */ = {
			isa = XCSwiftPackageProductDependency;
			package = 131DB1A72AEBC1150021FBBF /* XCRemoteSwiftPackageReference "firebase-ios-sdk" */;
			productName = "FirebaseAppDistribution-Beta";
		};
		131DB1B42AEBC1150021FBBF /* FirebaseAuth */ = {
			isa = XCSwiftPackageProductDependency;
			package = 131DB1A72AEBC1150021FBBF /* XCRemoteSwiftPackageReference "firebase-ios-sdk" */;
			productName = FirebaseAuth;
		};
		131DB1B62AEBC1150021FBBF /* FirebaseAuthCombine-Community */ = {
			isa = XCSwiftPackageProductDependency;
			package = 131DB1A72AEBC1150021FBBF /* XCRemoteSwiftPackageReference "firebase-ios-sdk" */;
			productName = "FirebaseAuthCombine-Community";
		};
		131DB1B82AEBC1150021FBBF /* FirebaseCrashlytics */ = {
			isa = XCSwiftPackageProductDependency;
			package = 131DB1A72AEBC1150021FBBF /* XCRemoteSwiftPackageReference "firebase-ios-sdk" */;
			productName = FirebaseCrashlytics;
		};
		131DB1BA2AEBC1150021FBBF /* FirebaseDatabase */ = {
			isa = XCSwiftPackageProductDependency;
			package = 131DB1A72AEBC1150021FBBF /* XCRemoteSwiftPackageReference "firebase-ios-sdk" */;
			productName = FirebaseDatabase;
		};
		131DB1BC2AEBC1150021FBBF /* FirebaseDatabaseSwift */ = {
			isa = XCSwiftPackageProductDependency;
			package = 131DB1A72AEBC1150021FBBF /* XCRemoteSwiftPackageReference "firebase-ios-sdk" */;
			productName = FirebaseDatabaseSwift;
		};
		131DB1BE2AEBC1150021FBBF /* FirebaseDynamicLinks */ = {
			isa = XCSwiftPackageProductDependency;
			package = 131DB1A72AEBC1150021FBBF /* XCRemoteSwiftPackageReference "firebase-ios-sdk" */;
			productName = FirebaseDynamicLinks;
		};
		131DB1C02AEBC1150021FBBF /* FirebaseFirestore */ = {
			isa = XCSwiftPackageProductDependency;
			package = 131DB1A72AEBC1150021FBBF /* XCRemoteSwiftPackageReference "firebase-ios-sdk" */;
			productName = FirebaseFirestore;
		};
		131DB1C22AEBC1150021FBBF /* FirebaseFirestoreCombine-Community */ = {
			isa = XCSwiftPackageProductDependency;
			package = 131DB1A72AEBC1150021FBBF /* XCRemoteSwiftPackageReference "firebase-ios-sdk" */;
			productName = "FirebaseFirestoreCombine-Community";
		};
		131DB1C42AEBC1150021FBBF /* FirebaseFirestoreSwift */ = {
			isa = XCSwiftPackageProductDependency;
			package = 131DB1A72AEBC1150021FBBF /* XCRemoteSwiftPackageReference "firebase-ios-sdk" */;
			productName = FirebaseFirestoreSwift;
		};
		131DB1C62AEBC1150021FBBF /* FirebaseFunctions */ = {
			isa = XCSwiftPackageProductDependency;
			package = 131DB1A72AEBC1150021FBBF /* XCRemoteSwiftPackageReference "firebase-ios-sdk" */;
			productName = FirebaseFunctions;
		};
		131DB1C82AEBC1150021FBBF /* FirebaseFunctionsCombine-Community */ = {
			isa = XCSwiftPackageProductDependency;
			package = 131DB1A72AEBC1150021FBBF /* XCRemoteSwiftPackageReference "firebase-ios-sdk" */;
			productName = "FirebaseFunctionsCombine-Community";
		};
		131DB1CA2AEBC1150021FBBF /* FirebaseInAppMessaging-Beta */ = {
			isa = XCSwiftPackageProductDependency;
			package = 131DB1A72AEBC1150021FBBF /* XCRemoteSwiftPackageReference "firebase-ios-sdk" */;
			productName = "FirebaseInAppMessaging-Beta";
		};
		131DB1CC2AEBC1150021FBBF /* FirebaseInAppMessagingSwift-Beta */ = {
			isa = XCSwiftPackageProductDependency;
			package = 131DB1A72AEBC1150021FBBF /* XCRemoteSwiftPackageReference "firebase-ios-sdk" */;
			productName = "FirebaseInAppMessagingSwift-Beta";
		};
		131DB1CE2AEBC1150021FBBF /* FirebaseInstallations */ = {
			isa = XCSwiftPackageProductDependency;
			package = 131DB1A72AEBC1150021FBBF /* XCRemoteSwiftPackageReference "firebase-ios-sdk" */;
			productName = FirebaseInstallations;
		};
		131DB1D02AEBC1150021FBBF /* FirebaseMLModelDownloader */ = {
			isa = XCSwiftPackageProductDependency;
			package = 131DB1A72AEBC1150021FBBF /* XCRemoteSwiftPackageReference "firebase-ios-sdk" */;
			productName = FirebaseMLModelDownloader;
		};
		131DB1D22AEBC1150021FBBF /* FirebaseMessaging */ = {
			isa = XCSwiftPackageProductDependency;
			package = 131DB1A72AEBC1150021FBBF /* XCRemoteSwiftPackageReference "firebase-ios-sdk" */;
			productName = FirebaseMessaging;
		};
		131DB1D42AEBC1150021FBBF /* FirebasePerformance */ = {
			isa = XCSwiftPackageProductDependency;
			package = 131DB1A72AEBC1150021FBBF /* XCRemoteSwiftPackageReference "firebase-ios-sdk" */;
			productName = FirebasePerformance;
		};
		131DB1D62AEBC1150021FBBF /* FirebaseRemoteConfig */ = {
			isa = XCSwiftPackageProductDependency;
			package = 131DB1A72AEBC1150021FBBF /* XCRemoteSwiftPackageReference "firebase-ios-sdk" */;
			productName = FirebaseRemoteConfig;
		};
		131DB1D82AEBC1150021FBBF /* FirebaseRemoteConfigSwift */ = {
			isa = XCSwiftPackageProductDependency;
			package = 131DB1A72AEBC1150021FBBF /* XCRemoteSwiftPackageReference "firebase-ios-sdk" */;
			productName = FirebaseRemoteConfigSwift;
		};
		131DB1DA2AEBC1150021FBBF /* FirebaseStorage */ = {
			isa = XCSwiftPackageProductDependency;
			package = 131DB1A72AEBC1150021FBBF /* XCRemoteSwiftPackageReference "firebase-ios-sdk" */;
			productName = FirebaseStorage;
		};
		131DB1DC2AEBC1150021FBBF /* FirebaseStorageCombine-Community */ = {
			isa = XCSwiftPackageProductDependency;
			package = 131DB1A72AEBC1150021FBBF /* XCRemoteSwiftPackageReference "firebase-ios-sdk" */;
			productName = "FirebaseStorageCombine-Community";
		};
/* End XCSwiftPackageProductDependency section */
	};
	rootObject = 133BD6CF2ACC93A7008569BD /* Project object */;
}
